{
  "name": "neurons.me",
  "version": "2.0.2",
  "lockfileVersion": 3,
  "requires": true,
  "packages": {
    "": {
      "name": "neurons.me",
      "version": "2.0.2",
      "license": "MIT",
      "dependencies": {
        "@sui.gn/mlearning": "2.0.3",
        "cleaker": "2.0.3",
        "monadlisa": "2.0.3",
        "netget": "2.0.3",
        "neurons.me": "2.0.1",
        "thevault": "2.0.3"
      }
    },
    "node_modules/@sui.gn/mlearning": {
      "version": "2.0.3",
      "resolved": "https://registry.npmjs.org/@sui.gn/mlearning/-/mlearning-2.0.3.tgz",
      "integrity": "sha512-E0ldMdSkP4FgM5uaJsCnMQzAZovSBFeTn6US2MJCFwR2VfUELzzjG5EGHnBs5W11eU/uLMVIXQegMjKUJlKQsA=="
    },
    "node_modules/cleaker": {
      "version": "2.0.3",
      "resolved": "git+ssh://git@github.com/suiGn/cleaker.git#466e18e94882c4f7e490e8b826d5db2d4ab988f6",
      "license": "MIT - Displayed on neurons.me npm package root directory under LICENSE"
    },
    "node_modules/mLearning": {
      "name": "@sui.gn/mlearning",
      "version": "2.0.3",
      "resolved": "git+ssh://git@github.com/suiGn/mLearning.git#ec5729f0d45d27b72db00e0bddbb1290a227bc91",
      "license": "MIT"
    },
    "node_modules/monadlisa": {
      "version": "2.0.3",
      "resolved": "https://registry.npmjs.org/monadlisa/-/monadlisa-2.0.3.tgz",
      "integrity": "sha512-WPTAnXjBPvsOF+TOYg1wMs3LjEJXMOx4GTWsChItKMkS+jnPrL2Oee9zPk2rjZWybvIDOSofEcz5INVcwLai5w=="
    },
    "node_modules/monads": {
      "name": "monadlisa",
      "version": "2.0.3",
      "resolved": "git+ssh://git@github.com/suiGn/Monads.git#3f3650949a82d338569e629b7d3082e342eb69ae",
      "license": "MIT - Displayed on neurons.me npm package root directory under LICENSE"
    },
    "node_modules/netget": {
      "version": "2.0.3",
      "resolved": "git+ssh://git@github.com/suiGn/netget.git#482b3e0a8f74e8bb9427f5eb68bcc16aafc905b0",
      "license": "MIT License"
    },
    "node_modules/neurons.me": {
      "version": "2.0.1",
      "resolved": "https://registry.npmjs.org/neurons.me/-/neurons.me-2.0.1.tgz",
      "integrity": "sha512-1sMLjbxuv2iwtmLHw9G1D0v/lJwcxcQUMExbZZclh7ZnzI8wholxeWvV4VfdrSLWvlw5Loa6rdC0l8AV3gp5KA==",
      "dependencies": {
        "cleaker": "git+https://github.com/suiGn/cleaker.git",
        "mLearning": "git+https://github.com/suiGn/mLearning.git",
        "monads": "git+https://github.com/suiGn/Monads.git",
        "netget": "git+https://github.com/suiGn/netget.git",
        "theVault": "git+https://github.com/suiGn/theVault.git"
      }
    },
    "node_modules/neurons.me/node_modules/theVault": {
      "name": "thevault",
      "version": "2.0.3",
      "resolved": "git+ssh://git@github.com/suiGn/theVault.git#8bb86379d0566e077a1d66380eb2d0b8d34c1ff2",
      "license": "MIT License"
    },
    "node_modules/thevault": {
      "version": "2.0.3",
      "resolved": "https://registry.npmjs.org/thevault/-/thevault-2.0.3.tgz",
      "integrity": "sha512-lYZnb5hPTgZw7R+MgYk6Zm7cxgZruakYVQWXnVzo/X/+/SRYgHdlg6SFbbTY/LI3kTwmnUBSRYpeSOK1WWev8A=="
    }
  }
}
